Microsoft Visual Studio Solution File, Format Version 12.00
# Visual Studio 2012
Project("{FAE04EC0-301F-11D3-BF4B-00C04F79EFBC}") = "ESP Game", "ESP Game.csproj", "{6AAE5F05-9E17-407C-8CB6-E45AC060A418}"
EndProject
Global
	GlobalSection(SolutionConfigurationPlatforms) = preSolution
	Debug|Any CPU = Debug|Any CPU
	ExportDebug|Any CPU = ExportDebug|Any CPU
	ExportRelease|Any CPU = ExportRelease|Any CPU
	EndGlobalSection
	GlobalSection(ProjectConfigurationPlatforms) = postSolution
		{6AAE5F05-9E17-407C-8CB6-E45AC060A418}.Debug|Any CPU.ActiveCfg = Debug|Any CPU
		{6AAE5F05-9E17-407C-8CB6-E45AC060A418}.Debug|Any CPU.Build.0 = Debug|Any CPU
		{6AAE5F05-9E17-407C-8CB6-E45AC060A418}.ExportDebug|Any CPU.ActiveCfg = ExportDebug|Any CPU
		{6AAE5F05-9E17-407C-8CB6-E45AC060A418}.ExportDebug|Any CPU.Build.0 = ExportDebug|Any CPU
		{6AAE5F05-9E17-407C-8CB6-E45AC060A418}.ExportRelease|Any CPU.ActiveCfg = ExportRelease|Any CPU
		{6AAE5F05-9E17-407C-8CB6-E45AC060A418}.ExportRelease|Any CPU.Build.0 = ExportRelease|Any CPU
	EndGlobalSection
EndGlobal
